# THIS IS AN AUTOGENERATED FILE. DO NOT EDIT THIS FILE DIRECTLY.
# yarn lockfile v1


emojibase@^6.1.0:
  version "6.1.0"
  resolved "https://registry.yarnpkg.com/emojibase/-/emojibase-6.1.0.tgz#c3bc281e998a0e06398416090c23bac8c5ed3ee8"
  integrity sha512-1GkKJPXP6tVkYJHOBSJHoGOr/6uaDxZ9xJ6H7m6PfdGXTmQgbALHLWaVRY4Gi/qf5x/gT/NUXLPuSHYLqtLtrQ==

picmo@^5.8.5:
  version "5.8.5"
  resolved "https://registry.yarnpkg.com/picmo/-/picmo-5.8.5.tgz#0719390979d638817d05d000a3b086cc93b71ebf"
  integrity sha512-7I8jfuHALF9lkt3d+XCZGP+IwH7g91vYZv6XtRnJ99IDjnm92zel0L5DEo2FX0oaHUwRMBD/kn2knTZqwItudQ==
  dependencies:
    emojibase "^6.1.0"
